<?xml version="1.0" encoding="utf-8"?>
<Project ToolsVersion="4.0" xmlns="http://schemas.microsoft.com/developer/msbuild/2003">
  <ItemGroup>
    <Filter Include="Source Files">
      <UniqueIdentifier>{4FC737F1-C7A5-4376-A066-2A32D752A2FF}</UniqueIdentifier>
      <Extensions>cpp;c;cc;cxx;c++;cppm;ixx;def;odl;idl;hpj;bat;asm;asmx</Extensions>
    </Filter>
    <Filter Include="Header Files">
      <UniqueIdentifier>{93995380-89BD-4b04-88EB-625FBE52EBFB}</UniqueIdentifier>
      <Extensions>h;hh;hpp;hxx;h++;hm;inl;inc;ipp;xsd</Extensions>
    </Filter>
    <Filter Include="Resource Files">
      <UniqueIdentifier>{67DA6AB6-F800-4c08-8B7A-83BB121AAD01}</UniqueIdentifier>
      <Extensions>rc;ico;cur;bmp;dlg;rc2;rct;bin;rgs;gif;jpg;jpeg;jpe;resx;tiff;tif;png;wav;mfcribbon-ms</Extensions>
    </Filter>
    <Filter Include="Header Files\RaylibHandles">
      <UniqueIdentifier>{f3564194-82ab-4e7d-bbb4-b627cf994e41}</UniqueIdentifier>
    </Filter>
    <Filter Include="Source Files\RaylibHandles">
      <UniqueIdentifier>{65d51303-fb9c-439c-bf01-d2808fd0ab16}</UniqueIdentifier>
    </Filter>
    <Filter Include="Header Files\Rendering">
      <UniqueIdentifier>{d592e345-3520-4e2e-aa82-543434690881}</UniqueIdentifier>
    </Filter>
    <Filter Include="Source Files\Rendering">
      <UniqueIdentifier>{bb2c7c0a-87fd-496b-a71c-6d29ef223ac1}</UniqueIdentifier>
    </Filter>
  </ItemGroup>
  <ItemGroup>
    <ClCompile Include="Source\main.cpp">
      <Filter>Source Files</Filter>
    </ClCompile>
    <ClCompile Include="Source\game.cpp">
      <Filter>Source Files</Filter>
    </ClCompile>
    <ClCompile Include="AudioDeviceHandle.cpp">
      <Filter>Source Files\RaylibHandles</Filter>
    </ClCompile>
    <ClCompile Include="ManagedSound.cpp">
      <Filter>Source Files\RaylibHandles</Filter>
    </ClCompile>
    <ClCompile Include="ManagedTexture.cpp">
      <Filter>Source Files\RaylibHandles</Filter>
    </ClCompile>
    <ClCompile Include="WindowHandle.cpp">
      <Filter>Source Files\RaylibHandles</Filter>
    </ClCompile>
    <ClCompile Include="SpaceInvaderResourceManager.cpp">
      <Filter>Source Files</Filter>
    </ClCompile>
    <ClCompile Include="Alien.cpp">
      <Filter>Source Files</Filter>
    </ClCompile>
    <ClCompile Include="Background.cpp">
      <Filter>Source Files</Filter>
    </ClCompile>
    <ClCompile Include="Highscore.cpp">
      <Filter>Source Files</Filter>
    </ClCompile>
    <ClCompile Include="Player.cpp">
      <Filter>Source Files</Filter>
    </ClCompile>
    <ClCompile Include="Projectile.cpp">
      <Filter>Source Files</Filter>
    </ClCompile>
    <ClCompile Include="Wall.cpp">
      <Filter>Source Files</Filter>
    </ClCompile>
    <ClCompile Include="AnimatedSprite.cpp">
      <Filter>Source Files\Rendering</Filter>
    </ClCompile>
    <ClCompile Include="Sprite.cpp">
      <Filter>Source Files\Rendering</Filter>
    </ClCompile>
  </ItemGroup>
  <ItemGroup>
    <ClInclude Include="Source\game.h">
      <Filter>Header Files</Filter>
    </ClInclude>
    <ClInclude Include="WindowHandle.h">
      <Filter>Header Files\RaylibHandles</Filter>
    </ClInclude>
    <ClInclude Include="AudioDeviceHandle.h">
      <Filter>Header Files\RaylibHandles</Filter>
    </ClInclude>
    <ClInclude Include="SpaceInvaderResourceManager.h">
      <Filter>Header Files</Filter>
    </ClInclude>
    <ClInclude Include="ManagedTexture.h">
      <Filter>Header Files\RaylibHandles</Filter>
    </ClInclude>
    <ClInclude Include="ManagedSound.h">
      <Filter>Header Files\RaylibHandles</Filter>
    </ClInclude>
    <ClInclude Include="Highscore.h">
      <Filter>Header Files</Filter>
    </ClInclude>
    <ClInclude Include="Player.h">
      <Filter>Header Files</Filter>
    </ClInclude>
    <ClInclude Include="Projectile.h">
      <Filter>Header Files</Filter>
    </ClInclude>
    <ClInclude Include="Wall.h">
      <Filter>Header Files</Filter>
    </ClInclude>
    <ClInclude Include="Alien.h">
      <Filter>Header Files</Filter>
    </ClInclude>
    <ClInclude Include="Background.h">
      <Filter>Header Files</Filter>
    </ClInclude>
    <ClInclude Include="SpaceInvadersDefinitions.h">
      <Filter>Header Files</Filter>
    </ClInclude>
    <ClInclude Include="CollisionInterface.h">
      <Filter>Header Files</Filter>
    </ClInclude>
    <ClInclude Include="Sprite.h">
      <Filter>Header Files\Rendering</Filter>
    </ClInclude>
    <ClInclude Include="AnimatedSprite.h">
      <Filter>Header Files\Rendering</Filter>
    </ClInclude>
    <ClInclude Include="AnimatedSpriteRenderer.h">
      <Filter>Header Files\Rendering</Filter>
    </ClInclude>
    <ClInclude Include="SpriteRenderer.h">
      <Filter>Header Files\Rendering</Filter>
    </ClInclude>
  </ItemGroup>
  <ItemGroup>
    <Text Include="refactor_progress.txt" />
  </ItemGroup>
</Project>